
Microsoft Visual Studio Solution File, Format Version 12.00
# Visual Studio 15
Project("{FAE04EC0-301F-11D3-BF4B-00C04F79EFBC}") = "Cooking Game Mechanic", "Assembly-CSharp.csproj", "{BDFADC1E-08B8-227A-F860-F8AE9C9F1990}"
EndProject
Project("{FAE04EC0-301F-11D3-BF4B-00C04F79EFBC}") = "Cooking Game Mechanic", "Assembly-CSharp-firstpass.csproj", "{88A7BE9E-994C-B74E-2D2C-05194CBADBA4}"
EndProject
Project("{FAE04EC0-301F-11D3-BF4B-00C04F79EFBC}") = "Cooking Game Mechanic", "Assembly-CSharp-Editor-firstpass.csproj", "{1AEF7E79-55CD-F7ED-1397-0A9B3F698AD0}"
EndProject
Global
	GlobalSection(SolutionConfigurationPlatforms) = preSolution
		Debug|Any CPU = Debug|Any CPU
		Release|Any CPU = Release|Any CPU
	EndGlobalSection
	GlobalSection(ProjectConfigurationPlatforms) = postSolution
		{BDFADC1E-08B8-227A-F860-F8AE9C9F1990}.Debug|Any CPU.ActiveCfg = Debug|Any CPU
		{BDFADC1E-08B8-227A-F860-F8AE9C9F1990}.Debug|Any CPU.Build.0 = Debug|Any CPU
		{BDFADC1E-08B8-227A-F860-F8AE9C9F1990}.Release|Any CPU.ActiveCfg = Release|Any CPU
		{BDFADC1E-08B8-227A-F860-F8AE9C9F1990}.Release|Any CPU.Build.0 = Release|Any CPU
		{88A7BE9E-994C-B74E-2D2C-05194CBADBA4}.Debug|Any CPU.ActiveCfg = Debug|Any CPU
		{88A7BE9E-994C-B74E-2D2C-05194CBADBA4}.Debug|Any CPU.Build.0 = Debug|Any CPU
		{88A7BE9E-994C-B74E-2D2C-05194CBADBA4}.Release|Any CPU.ActiveCfg = Release|Any CPU
		{88A7BE9E-994C-B74E-2D2C-05194CBADBA4}.Release|Any CPU.Build.0 = Release|Any CPU
		{1AEF7E79-55CD-F7ED-1397-0A9B3F698AD0}.Debug|Any CPU.ActiveCfg = Debug|Any CPU
		{1AEF7E79-55CD-F7ED-1397-0A9B3F698AD0}.Debug|Any CPU.Build.0 = Debug|Any CPU
		{1AEF7E79-55CD-F7ED-1397-0A9B3F698AD0}.Release|Any CPU.ActiveCfg = Release|Any CPU
		{1AEF7E79-55CD-F7ED-1397-0A9B3F698AD0}.Release|Any CPU.Build.0 = Release|Any CPU
	EndGlobalSection
	GlobalSection(SolutionProperties) = preSolution
		HideSolutionNode = FALSE
	EndGlobalSection
EndGlobal
